
Microsoft Visual Studio Solution File, Format Version 11.00
# Visual Studio 2010
Project("{FAE04EC0-301F-11D3-BF4B-00C04F79EFBC}") = "IACS User Management", "IACS User Management\IACS User Management.csproj", "{DE84DE38-7F33-49F9-8593-CF26CDF7635E}"
EndProject
Project("{54435603-DBB4-11D2-8724-00A0C9A8B90C}") = "IACSUserManagemenSetup", "IACSUserManagementSetup\IACSUserManagementSetup.vdproj", "{0532EA2B-71FB-461C-8CCE-646C7ACC2AC9}"
EndProject
Global
	GlobalSection(SolutionConfigurationPlatforms) = preSolution
		Debug|x86 = Debug|x86
		Release|x86 = Release|x86
	EndGlobalSection
	GlobalSection(ProjectConfigurationPlatforms) = postSolution
		{DE84DE38-7F33-49F9-8593-CF26CDF7635E}.Debug|x86.ActiveCfg = Debug|x86
		{DE84DE38-7F33-49F9-8593-CF26CDF7635E}.Debug|x86.Build.0 = Debug|x86
		{DE84DE38-7F33-49F9-8593-CF26CDF7635E}.Release|x86.ActiveCfg = Release|x86
		{DE84DE38-7F33-49F9-8593-CF26CDF7635E}.Release|x86.Build.0 = Release|x86
		{0532EA2B-71FB-461C-8CCE-646C7ACC2AC9}.Debug|x86.ActiveCfg = Debug
		{0532EA2B-71FB-461C-8CCE-646C7ACC2AC9}.Release|x86.ActiveCfg = Release
	EndGlobalSection
	GlobalSection(SolutionProperties) = preSolution
		HideSolutionNode = FALSE
	EndGlobalSection
EndGlobal
